// !$*UTF8*$!
{
	archiveVersion = 1;
	classes = {
	};
	objectVersion = 48;
	objects = {

/* Begin PBXBuildFile section */
		1A35D1BC960307C2B377433A /* Pods_EFNetworkingTests.framework in Frameworks */ = {isa = PBXBuildFile; fileRef = B86227478456C07D9C69AA00 /* Pods_EFNetworkingTests.framework */; };
		2FA41B4962A275F7E94F59EA /* Pods_EFNetworking.framework in Frameworks */ = {isa = PBXBuildFile; fileRef = 5DF9631859E7A2EFEF7BDA7E /* Pods_EFNetworking.framework */; };
		AF22B83F2269E19200ABA56F /* EFNetworking-title.png in Resources */ = {isa = PBXBuildFile; fileRef = AF22B83E2269E19200ABA56F /* EFNetworking-title.png */; };
		AF320209206CD78F00C089FF /* EFNetworkingConfigTests.m in Sources */ = {isa = PBXBuildFile; fileRef = AF320208206CD78F00C089FF /* EFNetworkingConfigTests.m */; };
		AF320211206D029F00C089FF /* EFNetworkingGETTests.m in Sources */ = {isa = PBXBuildFile; fileRef = AF320210206D029F00C089FF /* EFNetworkingGETTests.m */; };
		AF320213206D02B800C089FF /* EFNetworkingPOSTTests.m in Sources */ = {isa = PBXBuildFile; fileRef = AF320212206D02B800C089FF /* EFNetworkingPOSTTests.m */; };
		AF320215206D02CA00C089FF /* EFNetworkingPUTTests.m in Sources */ = {isa = PBXBuildFile; fileRef = AF320214206D02CA00C089FF /* EFNetworkingPUTTests.m */; };
		AF320217206D02DF00C089FF /* EFNetworkingDELETETests.m in Sources */ = {isa = PBXBuildFile; fileRef = AF320216206D02DF00C089FF /* EFNetworkingDELETETests.m */; };
		AF320219206D02F100C089FF /* EFNetworkingUploadTests.m in Sources */ = {isa = PBXBuildFile; fileRef = AF320218206D02F100C089FF /* EFNetworkingUploadTests.m */; };
		AF32021B206D030900C089FF /* EFNetworkingDownloadTests.m in Sources */ = {isa = PBXBuildFile; fileRef = AF32021A206D030900C089FF /* EFNetworkingDownloadTests.m */; };
		AF46997F228418B90052A4D1 /* EFNetworking.podspec in Resources */ = {isa = PBXBuildFile; fileRef = AF46997E228418B90052A4D1 /* EFNetworking.podspec */; };
		AF469981228418C30052A4D1 /* README.md in Resources */ = {isa = PBXBuildFile; fileRef = AF469980228418C30052A4D1 /* README.md */; };
		AF895240226899F5009ECADB /* DemoRequestModelReformer.m in Sources */ = {isa = PBXBuildFile; fileRef = AF89523E226899F5009ECADB /* DemoRequestModelReformer.m */; };
		AF89524422689AF4009ECADB /* DemoResponseModelReformer.m in Sources */ = {isa = PBXBuildFile; fileRef = AF89524322689AF4009ECADB /* DemoResponseModelReformer.m */; };
		AF89524722689D8D009ECADB /* DemoResponseModel.m in Sources */ = {isa = PBXBuildFile; fileRef = AF89524622689D8D009ECADB /* DemoResponseModel.m */; };
		AF89524A22689E7F009ECADB /* DemoRequestModel.m in Sources */ = {isa = PBXBuildFile; fileRef = AF89524922689E7F009ECADB /* DemoRequestModel.m */; };
		AF89524D2268A334009ECADB /* DemoResponseModelReformer.m in Sources */ = {isa = PBXBuildFile; fileRef = AF89524322689AF4009ECADB /* DemoResponseModelReformer.m */; };
		AF89524E2268A336009ECADB /* DemoResponseModel.m in Sources */ = {isa = PBXBuildFile; fileRef = AF89524622689D8D009ECADB /* DemoResponseModel.m */; };
		AF89524F2268A338009ECADB /* DemoRequestModelReformer.m in Sources */ = {isa = PBXBuildFile; fileRef = AF89523E226899F5009ECADB /* DemoRequestModelReformer.m */; };
		AF8952502268A33A009ECADB /* DemoRequestModel.m in Sources */ = {isa = PBXBuildFile; fileRef = AF89524922689E7F009ECADB /* DemoRequestModel.m */; };
		AF922A36207B51ED006DB7CB /* EFNCacheHelper.m in Sources */ = {isa = PBXBuildFile; fileRef = AF922A35207B51ED006DB7CB /* EFNCacheHelper.m */; };
		AF922A37207B51ED006DB7CB /* EFNCacheHelper.m in Sources */ = {isa = PBXBuildFile; fileRef = AF922A35207B51ED006DB7CB /* EFNCacheHelper.m */; };
		AF922A3A207C4AAD006DB7CB /* NSString+EFNetworking.m in Sources */ = {isa = PBXBuildFile; fileRef = AF922A39207C4AAD006DB7CB /* NSString+EFNetworking.m */; };
		AF922A3B207C4AAD006DB7CB /* NSString+EFNetworking.m in Sources */ = {isa = PBXBuildFile; fileRef = AF922A39207C4AAD006DB7CB /* NSString+EFNetworking.m */; };
		AF922A3F207C506D006DB7CB /* NSArray+EFNetworking.m in Sources */ = {isa = PBXBuildFile; fileRef = AF922A3E207C506D006DB7CB /* NSArray+EFNetworking.m */; };
		AF922A40207C506D006DB7CB /* NSArray+EFNetworking.m in Sources */ = {isa = PBXBuildFile; fileRef = AF922A3E207C506D006DB7CB /* NSArray+EFNetworking.m */; };
		AF9231FB207F2E9E006DB7CB /* DemoSignService.m in Sources */ = {isa = PBXBuildFile; fileRef = AF9231FA207F2E9E006DB7CB /* DemoSignService.m */; };
		AF9231FC207F2E9E006DB7CB /* DemoSignService.m in Sources */ = {isa = PBXBuildFile; fileRef = AF9231FA207F2E9E006DB7CB /* DemoSignService.m */; };
		AFC6740F2074BD19000C4D1A /* NSDictionary+EFNetworking.m in Sources */ = {isa = PBXBuildFile; fileRef = AFC6740E2074BD19000C4D1A /* NSDictionary+EFNetworking.m */; };
		AFC674102074BD19000C4D1A /* NSDictionary+EFNetworking.m in Sources */ = {isa = PBXBuildFile; fileRef = AFC6740E2074BD19000C4D1A /* NSDictionary+EFNetworking.m */; };
		AFE285D2206B9555001EF7A4 /* EFNResponse.m in Sources */ = {isa = PBXBuildFile; fileRef = AFE285D1206B9555001EF7A4 /* EFNResponse.m */; };
		AFE285D6206BB97E001EF7A4 /* EFNRequest.m in Sources */ = {isa = PBXBuildFile; fileRef = AFE285D5206BB97E001EF7A4 /* EFNRequest.m */; };
		AFEA083D20611BE300A39220 /* AppDelegate.m in Sources */ = {isa = PBXBuildFile; fileRef = AFEA083C20611BE300A39220 /* AppDelegate.m */; };
		AFEA084020611BE300A39220 /* DemoViewController.m in Sources */ = {isa = PBXBuildFile; fileRef = AFEA083F20611BE300A39220 /* DemoViewController.m */; };
		AFEA084320611BE300A39220 /* Main.storyboard in Resources */ = {isa = PBXBuildFile; fileRef = AFEA084120611BE300A39220 /* Main.storyboard */; };
		AFEA084520611BE300A39220 /* Assets.xcassets in Resources */ = {isa = PBXBuildFile; fileRef = AFEA084420611BE300A39220 /* Assets.xcassets */; };
		AFEA084820611BE300A39220 /* LaunchScreen.storyboard in Resources */ = {isa = PBXBuildFile; fileRef = AFEA084620611BE300A39220 /* LaunchScreen.storyboard */; };
		AFEA084B20611BE300A39220 /* main.m in Sources */ = {isa = PBXBuildFile; fileRef = AFEA084A20611BE300A39220 /* main.m */; };
		AFEA08542064F20F00A39220 /* EFNetHelper.m in Sources */ = {isa = PBXBuildFile; fileRef = AFEA08532064F20F00A39220 /* EFNetHelper.m */; };
		AFEA0858206503ED00A39220 /* EFNetProxy.m in Sources */ = {isa = PBXBuildFile; fileRef = AFEA0857206503ED00A39220 /* EFNetProxy.m */; };
		AFF289492073237800B5EBBB /* EFNRequest.m in Sources */ = {isa = PBXBuildFile; fileRef = AFE285D5206BB97E001EF7A4 /* EFNRequest.m */; };
		AFF2894A2073237D00B5EBBB /* EFNResponse.m in Sources */ = {isa = PBXBuildFile; fileRef = AFE285D1206B9555001EF7A4 /* EFNResponse.m */; };
		AFF2894B2073238200B5EBBB /* EFNetHelper.m in Sources */ = {isa = PBXBuildFile; fileRef = AFEA08532064F20F00A39220 /* EFNetHelper.m */; };
		AFF2894C2073238600B5EBBB /* EFNetProxy.m in Sources */ = {isa = PBXBuildFile; fileRef = AFEA0857206503ED00A39220 /* EFNetProxy.m */; };
/* End PBXBuildFile section */

/* Begin PBXContainerItemProxy section */
		AF32020B206CD78F00C089FF /* PBXContainerItemProxy */ = {
			isa = PBXContainerItemProxy;
			containerPortal = AFEA083020611BE300A39220 /* Project object */;
			proxyType = 1;
			remoteGlobalIDString = AFEA083720611BE300A39220;
			remoteInfo = EFNetworking;
		};
/* End PBXContainerItemProxy section */

/* Begin PBXFileReference section */
		2CF079496D1EC80D7F4C8CD6 /* Pods-EFNetworking.debug.xcconfig */ = {isa = PBXFileReference; includeInIndex = 1; lastKnownFileType = text.xcconfig; name = "Pods-EFNetworking.debug.xcconfig"; path = "Pods/Target Support Files/Pods-EFNetworking/Pods-EFNetworking.debug.xcconfig"; sourceTree = "<group>"; };
		3AEC19DEA32E608F6E52EDE4 /* Pods-EFNetworking.release.xcconfig */ = {isa = PBXFileReference; includeInIndex = 1; lastKnownFileType = text.xcconfig; name = "Pods-EFNetworking.release.xcconfig"; path = "Pods/Target Support Files/Pods-EFNetworking/Pods-EFNetworking.release.xcconfig"; sourceTree = "<group>"; };
		484D0CFA01E6D110E3B0F1B1 /* Pods-YFNetworkingTests.debug.xcconfig */ = {isa = PBXFileReference; includeInIndex = 1; lastKnownFileType = text.xcconfig; name = "Pods-YFNetworkingTests.debug.xcconfig"; path = "Pods/Target Support Files/Pods-YFNetworkingTests/Pods-YFNetworkingTests.debug.xcconfig"; sourceTree = "<group>"; };
		5DF9631859E7A2EFEF7BDA7E /* Pods_EFNetworking.framework */ = {isa = PBXFileReference; explicitFileType = wrapper.framework; includeInIndex = 0; path = Pods_EFNetworking.framework; sourceTree = BUILT_PRODUCTS_DIR; };
		7595CD4D43A240E59D77ADCA /* Pods-EFNetworkingTests.release.xcconfig */ = {isa = PBXFileReference; includeInIndex = 1; lastKnownFileType = text.xcconfig; name = "Pods-EFNetworkingTests.release.xcconfig"; path = "Pods/Target Support Files/Pods-EFNetworkingTests/Pods-EFNetworkingTests.release.xcconfig"; sourceTree = "<group>"; };
		A9EFDCC34D9A2C18DF6B6241 /* Pods-YFNetworking.debug.xcconfig */ = {isa = PBXFileReference; includeInIndex = 1; lastKnownFileType = text.xcconfig; name = "Pods-YFNetworking.debug.xcconfig"; path = "Pods/Target Support Files/Pods-YFNetworking/Pods-YFNetworking.debug.xcconfig"; sourceTree = "<group>"; };
		AF22B83E2269E19200ABA56F /* EFNetworking-title.png */ = {isa = PBXFileReference; lastKnownFileType = image.png; path = "EFNetworking-title.png"; sourceTree = "<group>"; };
		AF320201206CD58700C089FF /* EFNHeader.h */ = {isa = PBXFileReference; lastKnownFileType = sourcecode.c.h; path = EFNHeader.h; sourceTree = "<group>"; };
		AF320206206CD78F00C089FF /* EFNetworkingTests.xctest */ = {isa = PBXFileReference; explicitFileType = wrapper.cfbundle; includeInIndex = 0; path = EFNetworkingTests.xctest; sourceTree = BUILT_PRODUCTS_DIR; };
		AF320208206CD78F00C089FF /* EFNetworkingConfigTests.m */ = {isa = PBXFileReference; lastKnownFileType = sourcecode.c.objc; path = EFNetworkingConfigTests.m; sourceTree = "<group>"; };
		AF32020A206CD78F00C089FF /* Info.plist */ = {isa = PBXFileReference; lastKnownFileType = text.plist.xml; path = Info.plist; sourceTree = "<group>"; };
		AF320210206D029F00C089FF /* EFNetworkingGETTests.m */ = {isa = PBXFileReference; lastKnownFileType = sourcecode.c.objc; path = EFNetworkingGETTests.m; sourceTree = "<group>"; };
		AF320212206D02B800C089FF /* EFNetworkingPOSTTests.m */ = {isa = PBXFileReference; lastKnownFileType = sourcecode.c.objc; path = EFNetworkingPOSTTests.m; sourceTree = "<group>"; };
		AF320214206D02CA00C089FF /* EFNetworkingPUTTests.m */ = {isa = PBXFileReference; lastKnownFileType = sourcecode.c.objc; path = EFNetworkingPUTTests.m; sourceTree = "<group>"; };
		AF320216206D02DF00C089FF /* EFNetworkingDELETETests.m */ = {isa = PBXFileReference; lastKnownFileType = sourcecode.c.objc; path = EFNetworkingDELETETests.m; sourceTree = "<group>"; };
		AF320218206D02F100C089FF /* EFNetworkingUploadTests.m */ = {isa = PBXFileReference; lastKnownFileType = sourcecode.c.objc; path = EFNetworkingUploadTests.m; sourceTree = "<group>"; };
		AF32021A206D030900C089FF /* EFNetworkingDownloadTests.m */ = {isa = PBXFileReference; lastKnownFileType = sourcecode.c.objc; path = EFNetworkingDownloadTests.m; sourceTree = "<group>"; };
		AF46997E228418B90052A4D1 /* EFNetworking.podspec */ = {isa = PBXFileReference; fileEncoding = 4; lastKnownFileType = text; path = EFNetworking.podspec; sourceTree = "<group>"; };
		AF469980228418C30052A4D1 /* README.md */ = {isa = PBXFileReference; fileEncoding = 4; lastKnownFileType = net.daringfireball.markdown; path = README.md; sourceTree = "<group>"; };
		AF7E5ECD2266D536007D2C00 /* EFNetworking.h */ = {isa = PBXFileReference; lastKnownFileType = sourcecode.c.h; path = EFNetworking.h; sourceTree = "<group>"; };
		AF89523E226899F5009ECADB /* DemoRequestModelReformer.m */ = {isa = PBXFileReference; fileEncoding = 4; lastKnownFileType = sourcecode.c.objc; path = DemoRequestModelReformer.m; sourceTree = "<group>"; };
		AF89523F226899F5009ECADB /* DemoRequestModelReformer.h */ = {isa = PBXFileReference; fileEncoding = 4; lastKnownFileType = sourcecode.c.h; path = DemoRequestModelReformer.h; sourceTree = "<group>"; };
		AF89524222689AF4009ECADB /* DemoResponseModelReformer.h */ = {isa = PBXFileReference; lastKnownFileType = sourcecode.c.h; path = DemoResponseModelReformer.h; sourceTree = "<group>"; };
		AF89524322689AF4009ECADB /* DemoResponseModelReformer.m */ = {isa = PBXFileReference; lastKnownFileType = sourcecode.c.objc; path = DemoResponseModelReformer.m; sourceTree = "<group>"; };
		AF89524522689D8D009ECADB /* DemoResponseModel.h */ = {isa = PBXFileReference; lastKnownFileType = sourcecode.c.h; path = DemoResponseModel.h; sourceTree = "<group>"; };
		AF89524622689D8D009ECADB /* DemoResponseModel.m */ = {isa = PBXFileReference; lastKnownFileType = sourcecode.c.objc; path = DemoResponseModel.m; sourceTree = "<group>"; };
		AF89524822689E7F009ECADB /* DemoRequestModel.h */ = {isa = PBXFileReference; lastKnownFileType = sourcecode.c.h; path = DemoRequestModel.h; sourceTree = "<group>"; };
		AF89524922689E7F009ECADB /* DemoRequestModel.m */ = {isa = PBXFileReference; lastKnownFileType = sourcecode.c.objc; path = DemoRequestModel.m; sourceTree = "<group>"; };
		AF8CCF192271A0E20027637E /* MobileCoreServices.framework */ = {isa = PBXFileReference; lastKnownFileType = wrapper.framework; name = MobileCoreServices.framework; path = System/Library/Frameworks/MobileCoreServices.framework; sourceTree = SDKROOT; };
		AF922A34207B51ED006DB7CB /* EFNCacheHelper.h */ = {isa = PBXFileReference; lastKnownFileType = sourcecode.c.h; path = EFNCacheHelper.h; sourceTree = "<group>"; };
		AF922A35207B51ED006DB7CB /* EFNCacheHelper.m */ = {isa = PBXFileReference; lastKnownFileType = sourcecode.c.objc; path = EFNCacheHelper.m; sourceTree = "<group>"; };
		AF922A38207C4AAD006DB7CB /* NSString+EFNetworking.h */ = {isa = PBXFileReference; lastKnownFileType = sourcecode.c.h; path = "NSString+EFNetworking.h"; sourceTree = "<group>"; };
		AF922A39207C4AAD006DB7CB /* NSString+EFNetworking.m */ = {isa = PBXFileReference; lastKnownFileType = sourcecode.c.objc; path = "NSString+EFNetworking.m"; sourceTree = "<group>"; };
		AF922A3D207C506D006DB7CB /* NSArray+EFNetworking.h */ = {isa = PBXFileReference; lastKnownFileType = sourcecode.c.h; path = "NSArray+EFNetworking.h"; sourceTree = "<group>"; };
		AF922A3E207C506D006DB7CB /* NSArray+EFNetworking.m */ = {isa = PBXFileReference; lastKnownFileType = sourcecode.c.objc; path = "NSArray+EFNetworking.m"; sourceTree = "<group>"; };
		AF9231F9207F2E9E006DB7CB /* DemoSignService.h */ = {isa = PBXFileReference; lastKnownFileType = sourcecode.c.h; path = DemoSignService.h; sourceTree = "<group>"; };
		AF9231FA207F2E9E006DB7CB /* DemoSignService.m */ = {isa = PBXFileReference; lastKnownFileType = sourcecode.c.objc; path = DemoSignService.m; sourceTree = "<group>"; };
		AFC6740D2074BD19000C4D1A /* NSDictionary+EFNetworking.h */ = {isa = PBXFileReference; lastKnownFileType = sourcecode.c.h; path = "NSDictionary+EFNetworking.h"; sourceTree = "<group>"; };
		AFC6740E2074BD19000C4D1A /* NSDictionary+EFNetworking.m */ = {isa = PBXFileReference; lastKnownFileType = sourcecode.c.objc; path = "NSDictionary+EFNetworking.m"; sourceTree = "<group>"; };
		AFE285D0206B9555001EF7A4 /* EFNResponse.h */ = {isa = PBXFileReference; lastKnownFileType = sourcecode.c.h; path = EFNResponse.h; sourceTree = "<group>"; };
		AFE285D1206B9555001EF7A4 /* EFNResponse.m */ = {isa = PBXFileReference; lastKnownFileType = sourcecode.c.objc; path = EFNResponse.m; sourceTree = "<group>"; };
		AFE285D4206BB97E001EF7A4 /* EFNRequest.h */ = {isa = PBXFileReference; lastKnownFileType = sourcecode.c.h; path = EFNRequest.h; sourceTree = "<group>"; };
		AFE285D5206BB97E001EF7A4 /* EFNRequest.m */ = {isa = PBXFileReference; lastKnownFileType = sourcecode.c.objc; path = EFNRequest.m; sourceTree = "<group>"; };
		AFEA083820611BE300A39220 /* EFNetworking.app */ = {isa = PBXFileReference; explicitFileType = wrapper.application; includeInIndex = 0; path = EFNetworking.app; sourceTree = BUILT_PRODUCTS_DIR; };
		AFEA083B20611BE300A39220 /* AppDelegate.h */ = {isa = PBXFileReference; lastKnownFileType = sourcecode.c.h; path = AppDelegate.h; sourceTree = "<group>"; };
		AFEA083C20611BE300A39220 /* AppDelegate.m */ = {isa = PBXFileReference; lastKnownFileType = sourcecode.c.objc; path = AppDelegate.m; sourceTree = "<group>"; };
		AFEA083E20611BE300A39220 /* DemoViewController.h */ = {isa = PBXFileReference; lastKnownFileType = sourcecode.c.h; path = DemoViewController.h; sourceTree = "<group>"; };
		AFEA083F20611BE300A39220 /* DemoViewController.m */ = {isa = PBXFileReference; lastKnownFileType = sourcecode.c.objc; path = DemoViewController.m; sourceTree = "<group>"; };
		AFEA084220611BE300A39220 /* Base */ = {isa = PBXFileReference; lastKnownFileType = file.storyboard; name = Base; path = Base.lproj/Main.storyboard; sourceTree = "<group>"; };
		AFEA084420611BE300A39220 /* Assets.xcassets */ = {isa = PBXFileReference; lastKnownFileType = folder.assetcatalog; path = Assets.xcassets; sourceTree = "<group>"; };
		AFEA084720611BE300A39220 /* Base */ = {isa = PBXFileReference; lastKnownFileType = file.storyboard; name = Base; path = Base.lproj/LaunchScreen.storyboard; sourceTree = "<group>"; };
		AFEA084920611BE300A39220 /* Info.plist */ = {isa = PBXFileReference; lastKnownFileType = text.plist.xml; path = Info.plist; sourceTree = "<group>"; };
		AFEA084A20611BE300A39220 /* main.m */ = {isa = PBXFileReference; lastKnownFileType = sourcecode.c.objc; path = main.m; sourceTree = "<group>"; };
		AFEA08522064F20F00A39220 /* EFNetHelper.h */ = {isa = PBXFileReference; lastKnownFileType = sourcecode.c.h; path = EFNetHelper.h; sourceTree = "<group>"; };
		AFEA08532064F20F00A39220 /* EFNetHelper.m */ = {isa = PBXFileReference; lastKnownFileType = sourcecode.c.objc; path = EFNetHelper.m; sourceTree = "<group>"; };
		AFEA0856206503ED00A39220 /* EFNetProxy.h */ = {isa = PBXFileReference; lastKnownFileType = sourcecode.c.h; path = EFNetProxy.h; sourceTree = "<group>"; };
		AFEA0857206503ED00A39220 /* EFNetProxy.m */ = {isa = PBXFileReference; lastKnownFileType = sourcecode.c.objc; path = EFNetProxy.m; sourceTree = "<group>"; };
		B86227478456C07D9C69AA00 /* Pods_EFNetworkingTests.framework */ = {isa = PBXFileReference; explicitFileType = wrapper.framework; includeInIndex = 0; path = Pods_EFNetworkingTests.framework; sourceTree = BUILT_PRODUCTS_DIR; };
		E1DA2DE207C17DDCD2715B63 /* Pods-YFNetworkingTests.release.xcconfig */ = {isa = PBXFileReference; includeInIndex = 1; lastKnownFileType = text.xcconfig; name = "Pods-YFNetworkingTests.release.xcconfig"; path = "Pods/Target Support Files/Pods-YFNetworkingTests/Pods-YFNetworkingTests.release.xcconfig"; sourceTree = "<group>"; };
		EACA4C2A4A0331FBC4E155DB /* Pods-EFNetworkingTests.debug.xcconfig */ = {isa = PBXFileReference; includeInIndex = 1; lastKnownFileType = text.xcconfig; name = "Pods-EFNetworkingTests.debug.xcconfig"; path = "Pods/Target Support Files/Pods-EFNetworkingTests/Pods-EFNetworkingTests.debug.xcconfig"; sourceTree = "<group>"; };
		F63EF2557F7AFF8C756FC4A5 /* Pods-YFNetworking.release.xcconfig */ = {isa = PBXFileReference; includeInIndex = 1; lastKnownFileType = text.xcconfig; name = "Pods-YFNetworking.release.xcconfig"; path = "Pods/Target Support Files/Pods-YFNetworking/Pods-YFNetworking.release.xcconfig"; sourceTree = "<group>"; };
/* End PBXFileReference section */

/* Begin PBXFrameworksBuildPhase section */
		AF320203206CD78F00C089FF /* Frameworks */ = {
			isa = PBXFrameworksBuildPhase;
			buildActionMask = 2147483647;
			files = (
				1A35D1BC960307C2B377433A /* Pods_EFNetworkingTests.framework in Frameworks */,
			);
			runOnlyForDeploymentPostprocessing = 0;
		};
		AFEA083520611BE300A39220 /* Frameworks */ = {
			isa = PBXFrameworksBuildPhase;
			buildActionMask = 2147483647;
			files = (
				2FA41B4962A275F7E94F59EA /* Pods_EFNetworking.framework in Frameworks */,
			);
			runOnlyForDeploymentPostprocessing = 0;
		};
/* End PBXFrameworksBuildPhase section */

/* Begin PBXGroup section */
		08FBE75BDB19C96609230F30 /* Pods */ = {
			isa = PBXGroup;
			children = (
				2CF079496D1EC80D7F4C8CD6 /* Pods-EFNetworking.debug.xcconfig */,
				3AEC19DEA32E608F6E52EDE4 /* Pods-EFNetworking.release.xcconfig */,
				EACA4C2A4A0331FBC4E155DB /* Pods-EFNetworkingTests.debug.xcconfig */,
				7595CD4D43A240E59D77ADCA /* Pods-EFNetworkingTests.release.xcconfig */,
				A9EFDCC34D9A2C18DF6B6241 /* Pods-YFNetworking.debug.xcconfig */,
				F63EF2557F7AFF8C756FC4A5 /* Pods-YFNetworking.release.xcconfig */,
				484D0CFA01E6D110E3B0F1B1 /* Pods-YFNetworkingTests.debug.xcconfig */,
				E1DA2DE207C17DDCD2715B63 /* Pods-YFNetworkingTests.release.xcconfig */,
			);
			name = Pods;
			sourceTree = "<group>";
		};
		7850162C68CE07F6B502F261 /* Frameworks */ = {
			isa = PBXGroup;
			children = (
				AF8CCF192271A0E20027637E /* MobileCoreServices.framework */,
				5DF9631859E7A2EFEF7BDA7E /* Pods_EFNetworking.framework */,
				B86227478456C07D9C69AA00 /* Pods_EFNetworkingTests.framework */,
			);
			name = Frameworks;
			sourceTree = "<group>";
		};
		AF22B8402269E19400ABA56F /* Sources */ = {
			isa = PBXGroup;
			children = (
				AF22B83E2269E19200ABA56F /* EFNetworking-title.png */,
			);
			path = Sources;
			sourceTree = "<group>";
		};
		AF320207206CD78F00C089FF /* EFNetworkingTests */ = {
			isa = PBXGroup;
			children = (
				AF320208206CD78F00C089FF /* EFNetworkingConfigTests.m */,
				AF320210206D029F00C089FF /* EFNetworkingGETTests.m */,
				AF320212206D02B800C089FF /* EFNetworkingPOSTTests.m */,
				AF320214206D02CA00C089FF /* EFNetworkingPUTTests.m */,
				AF320216206D02DF00C089FF /* EFNetworkingDELETETests.m */,
				AF320218206D02F100C089FF /* EFNetworkingUploadTests.m */,
				AF32021A206D030900C089FF /* EFNetworkingDownloadTests.m */,
				AF32020A206CD78F00C089FF /* Info.plist */,
			);
			path = EFNetworkingTests;
			sourceTree = "<group>";
		};
		AF89523D226899F5009ECADB /* RequestReformer */ = {
			isa = PBXGroup;
			children = (
				AF89523F226899F5009ECADB /* DemoRequestModelReformer.h */,
				AF89523E226899F5009ECADB /* DemoRequestModelReformer.m */,
				AF89524822689E7F009ECADB /* DemoRequestModel.h */,
				AF89524922689E7F009ECADB /* DemoRequestModel.m */,
			);
			path = RequestReformer;
			sourceTree = "<group>";
		};
		AF89524122689AC6009ECADB /* ResponseReformer */ = {
			isa = PBXGroup;
			children = (
				AF89524222689AF4009ECADB /* DemoResponseModelReformer.h */,
				AF89524322689AF4009ECADB /* DemoResponseModelReformer.m */,
				AF89524522689D8D009ECADB /* DemoResponseModel.h */,
				AF89524622689D8D009ECADB /* DemoResponseModel.m */,
			);
			path = ResponseReformer;
			sourceTree = "<group>";
		};
		AF89524B22689EE7009ECADB /* Models */ = {
			isa = PBXGroup;
			children = (
				AF89523D226899F5009ECADB /* RequestReformer */,
				AF89524122689AC6009ECADB /* ResponseReformer */,
			);
			path = Models;
			sourceTree = "<group>";
		};
		AF89524C22689EFB009ECADB /* ViewControllers */ = {
			isa = PBXGroup;
			children = (
				AFEA083E20611BE300A39220 /* DemoViewController.h */,
				AFEA083F20611BE300A39220 /* DemoViewController.m */,
			);
			path = ViewControllers;
			sourceTree = "<group>";
		};
		AF922A33207B51C1006DB7CB /* CacheHelper */ = {
			isa = PBXGroup;
			children = (
				AF922A34207B51ED006DB7CB /* EFNCacheHelper.h */,
				AF922A35207B51ED006DB7CB /* EFNCacheHelper.m */,
			);
			path = CacheHelper;
			sourceTree = "<group>";
		};
		AF9231F8207F2A28006DB7CB /* Demo */ = {
			isa = PBXGroup;
			children = (
				AF22B8402269E19400ABA56F /* Sources */,
				AF89524B22689EE7009ECADB /* Models */,
				AF9232072085E2E2006DB7CB /* SignService */,
				AF89524C22689EFB009ECADB /* ViewControllers */,
				AFEA083B20611BE300A39220 /* AppDelegate.h */,
				AFEA083C20611BE300A39220 /* AppDelegate.m */,
				AFEA084120611BE300A39220 /* Main.storyboard */,
				AFEA084420611BE300A39220 /* Assets.xcassets */,
				AFEA084620611BE300A39220 /* LaunchScreen.storyboard */,
				AFEA084920611BE300A39220 /* Info.plist */,
				AFEA084A20611BE300A39220 /* main.m */,
			);
			path = Demo;
			sourceTree = "<group>";
		};
		AF9232072085E2E2006DB7CB /* SignService */ = {
			isa = PBXGroup;
			children = (
				AF9231F9207F2E9E006DB7CB /* DemoSignService.h */,
				AF9231FA207F2E9E006DB7CB /* DemoSignService.m */,
			);
			path = SignService;
			sourceTree = "<group>";
		};
		AFC6740C2074BCE4000C4D1A /* Categories */ = {
			isa = PBXGroup;
			children = (
				AFC6740D2074BD19000C4D1A /* NSDictionary+EFNetworking.h */,
				AFC6740E2074BD19000C4D1A /* NSDictionary+EFNetworking.m */,
				AF922A38207C4AAD006DB7CB /* NSString+EFNetworking.h */,
				AF922A39207C4AAD006DB7CB /* NSString+EFNetworking.m */,
				AF922A3D207C506D006DB7CB /* NSArray+EFNetworking.h */,
				AF922A3E207C506D006DB7CB /* NSArray+EFNetworking.m */,
			);
			path = Categories;
			sourceTree = "<group>";
		};
		AFE285D3206BB965001EF7A4 /* Request */ = {
			isa = PBXGroup;
			children = (
				AFE285D4206BB97E001EF7A4 /* EFNRequest.h */,
				AFE285D5206BB97E001EF7A4 /* EFNRequest.m */,
			);
			path = Request;
			sourceTree = "<group>";
		};
		AFEA082F20611BE300A39220 = {
			isa = PBXGroup;
			children = (
				AF469980228418C30052A4D1 /* README.md */,
				AF46997E228418B90052A4D1 /* EFNetworking.podspec */,
				AFEA083A20611BE300A39220 /* EFNetworking */,
				AF320207206CD78F00C089FF /* EFNetworkingTests */,
				AFEA083920611BE300A39220 /* Products */,
				08FBE75BDB19C96609230F30 /* Pods */,
				7850162C68CE07F6B502F261 /* Frameworks */,
			);
			sourceTree = "<group>";
		};
		AFEA083920611BE300A39220 /* Products */ = {
			isa = PBXGroup;
			children = (
				AFEA083820611BE300A39220 /* EFNetworking.app */,
				AF320206206CD78F00C089FF /* EFNetworkingTests.xctest */,
			);
			name = Products;
			sourceTree = "<group>";
		};
		AFEA083A20611BE300A39220 /* EFNetworking */ = {
			isa = PBXGroup;
			children = (
				AFEA085120611C2500A39220 /* Core */,
				AF9231F8207F2A28006DB7CB /* Demo */,
			);
			path = EFNetworking;
			sourceTree = "<group>";
		};
		AFEA085120611C2500A39220 /* Core */ = {
			isa = PBXGroup;
			children = (
				AF7E5ECD2266D536007D2C00 /* EFNetworking.h */,
				AF320201206CD58700C089FF /* EFNHeader.h */,
				AFEA08522064F20F00A39220 /* EFNetHelper.h */,
				AFEA08532064F20F00A39220 /* EFNetHelper.m */,
				AFE285D3206BB965001EF7A4 /* Request */,
				AFEA085D2065047800A39220 /* Response */,
				AF922A33207B51C1006DB7CB /* CacheHelper */,
				AFEA0855206503A900A39220 /* NetProxy */,
				AFC6740C2074BCE4000C4D1A /* Categories */,
			);
			path = Core;
			sourceTree = "<group>";
		};
		AFEA0855206503A900A39220 /* NetProxy */ = {
			isa = PBXGroup;
			children = (
				AFEA0856206503ED00A39220 /* EFNetProxy.h */,
				AFEA0857206503ED00A39220 /* EFNetProxy.m */,
			);
			path = NetProxy;
			sourceTree = "<group>";
		};
		AFEA085D2065047800A39220 /* Response */ = {
			isa = PBXGroup;
			children = (
				AFE285D0206B9555001EF7A4 /* EFNResponse.h */,
				AFE285D1206B9555001EF7A4 /* EFNResponse.m */,
			);
			path = Response;
			sourceTree = "<group>";
		};
/* End PBXGroup section */

/* Begin PBXNativeTarget section */
		AF320205206CD78F00C089FF /* EFNetworkingTests */ = {
			isa = PBXNativeTarget;
			buildConfigurationList = AF32020D206CD78F00C089FF /* Build configuration list for PBXNativeTarget "EFNetworkingTests" */;
			buildPhases = (
				9E5FF3E88C4D45153AEDDA3B /* [CP] Check Pods Manifest.lock */,
				AF320202206CD78F00C089FF /* Sources */,
				AF320203206CD78F00C089FF /* Frameworks */,
				AF320204206CD78F00C089FF /* Resources */,
				B5B59181B18A49978BFDDC40 /* [CP] Embed Pods Frameworks */,
			);
			buildRules = (
			);
			dependencies = (
				AF32020C206CD78F00C089FF /* PBXTargetDependency */,
			);
			name = EFNetworkingTests;
			productName = EFNetworkingTests;
			productReference = AF320206206CD78F00C089FF /* EFNetworkingTests.xctest */;
			productType = "com.apple.product-type.bundle.unit-test";
		};
		AFEA083720611BE300A39220 /* EFNetworking */ = {
			isa = PBXNativeTarget;
			buildConfigurationList = AFEA084E20611BE300A39220 /* Build configuration list for PBXNativeTarget "EFNetworking" */;
			buildPhases = (
				02BCD07E770B91D9EBE0DCEE /* [CP] Check Pods Manifest.lock */,
				AFEA083420611BE300A39220 /* Sources */,
				AFEA083520611BE300A39220 /* Frameworks */,
				AFEA083620611BE300A39220 /* Resources */,
				6CB65331CF24D5CFB244A13E /* [CP] Embed Pods Frameworks */,
			);
			buildRules = (
			);
			dependencies = (
			);
			name = EFNetworking;
			productName = EFNetworking;
			productReference = AFEA083820611BE300A39220 /* EFNetworking.app */;
			productType = "com.apple.product-type.application";
		};
/* End PBXNativeTarget section */

/* Begin PBXProject section */
		AFEA083020611BE300A39220 /* Project object */ = {
			isa = PBXProject;
			attributes = {
				LastUpgradeCheck = 0930;
				ORGANIZATIONNAME = "Exceptional Financial Services Ltd.";
				TargetAttributes = {
					AF320205206CD78F00C089FF = {
						CreatedOnToolsVersion = 9.2;
						ProvisioningStyle = Automatic;
						TestTargetID = AFEA083720611BE300A39220;
					};
					AFEA083720611BE300A39220 = {
						CreatedOnToolsVersion = 9.2;
						ProvisioningStyle = Automatic;
					};
				};
			};
			buildConfigurationList = AFEA083320611BE300A39220 /* Build configuration list for PBXProject "EFNetworking" */;
			compatibilityVersion = "Xcode 8.0";
			developmentRegion = en;
			hasScannedForEncodings = 0;
			knownRegions = (
				en,
				Base,
			);
			mainGroup = AFEA082F20611BE300A39220;
			productRefGroup = AFEA083920611BE300A39220 /* Products */;
			projectDirPath = "";
			projectRoot = "";
			targets = (
				AFEA083720611BE300A39220 /* EFNetworking */,
				AF320205206CD78F00C089FF /* EFNetworkingTests */,
			);
		};
/* End PBXProject section */

/* Begin PBXResourcesBuildPhase section */
		AF320204206CD78F00C089FF /* Resources */ = {
			isa = PBXResourcesBuildPhase;
			buildActionMask = 2147483647;
			files = (
			);
			runOnlyForDeploymentPostprocessing = 0;
		};
		AFEA083620611BE300A39220 /* Resources */ = {
			isa = PBXResourcesBuildPhase;
			buildActionMask = 2147483647;
			files = (
				AF469981228418C30052A4D1 /* README.md in Resources */,
				AFEA084820611BE300A39220 /* LaunchScreen.storyboard in Resources */,
				AFEA084520611BE300A39220 /* Assets.xcassets in Resources */,
				AF46997F228418B90052A4D1 /* EFNetworking.podspec in Resources */,
				AFEA084320611BE300A39220 /* Main.storyboard in Resources */,
				AF22B83F2269E19200ABA56F /* EFNetworking-title.png in Resources */,
			);
			runOnlyForDeploymentPostprocessing = 0;
		};
/* End PBXResourcesBuildPhase section */

/* Begin PBXShellScriptBuildPhase section */
		02BCD07E770B91D9EBE0DCEE /* [CP] Check Pods Manifest.lock */ = {
			isa = PBXShellScriptBuildPhase;
			buildActionMask = 2147483647;
			files = (
			);
			inputPaths = (
				"${PODS_PODFILE_DIR_PATH}/Podfile.lock",
				"${PODS_ROOT}/Manifest.lock",
			);
			name = "[CP] Check Pods Manifest.lock";
			outputPaths = (
				"$(DERIVED_FILE_DIR)/Pods-EFNetworking-checkManifestLockResult.txt",
			);
			runOnlyForDeploymentPostprocessing = 0;
			shellPath = /bin/sh;
			shellScript = "diff \"${PODS_PODFILE_DIR_PATH}/Podfile.lock\" \"${PODS_ROOT}/Manifest.lock\" > /dev/null\nif [ $? != 0 ] ; then\n    # print error to STDERR\n    echo \"error: The sandbox is not in sync with the Podfile.lock. Run 'pod install' or update your CocoaPods installation.\" >&2\n    exit 1\nfi\n# This output is used by Xcode 'outputs' to avoid re-running this script phase.\necho \"SUCCESS\" > \"${SCRIPT_OUTPUT_FILE_0}\"\n";
			showEnvVarsInLog = 0;
		};
		6CB65331CF24D5CFB244A13E /* [CP] Embed Pods Frameworks */ = {
			isa = PBXShellScriptBuildPhase;
			buildActionMask = 2147483647;
			files = (
			);
			inputPaths = (
				"${PODS_ROOT}/Target Support Files/Pods-EFNetworking/Pods-EFNetworking-frameworks.sh",
				"${BUILT_PRODUCTS_DIR}/AFNetworking/AFNetworking.framework",
				"${BUILT_PRODUCTS_DIR}/YYCache/YYCache.framework",
			);
			name = "[CP] Embed Pods Frameworks";
			outputPaths = (
				"${TARGET_BUILD_DIR}/${FRAMEWORKS_FOLDER_PATH}/AFNetworking.framework",
				"${TARGET_BUILD_DIR}/${FRAMEWORKS_FOLDER_PATH}/YYCache.framework",
			);
			runOnlyForDeploymentPostprocessing = 0;
			shellPath = /bin/sh;
			shellScript = "\"${PODS_ROOT}/Target Support Files/Pods-EFNetworking/Pods-EFNetworking-frameworks.sh\"\n";
			showEnvVarsInLog = 0;
		};
		9E5FF3E88C4D45153AEDDA3B /* [CP] Check Pods Manifest.lock */ = {
			isa = PBXShellScriptBuildPhase;
			buildActionMask = 2147483647;
			files = (
			);
			inputPaths = (
				"${PODS_PODFILE_DIR_PATH}/Podfile.lock",
				"${PODS_ROOT}/Manifest.lock",
			);
			name = "[CP] Check Pods Manifest.lock";
			outputPaths = (
				"$(DERIVED_FILE_DIR)/Pods-EFNetworkingTests-checkManifestLockResult.txt",
			);
			runOnlyForDeploymentPostprocessing = 0;
			shellPath = /bin/sh;
			shellScript = "diff \"${PODS_PODFILE_DIR_PATH}/Podfile.lock\" \"${PODS_ROOT}/Manifest.lock\" > /dev/null\nif [ $? != 0 ] ; then\n    # print error to STDERR\n    echo \"error: The sandbox is not in sync with the Podfile.lock. Run 'pod install' or update your CocoaPods installation.\" >&2\n    exit 1\nfi\n# This output is used by Xcode 'outputs' to avoid re-running this script phase.\necho \"SUCCESS\" > \"${SCRIPT_OUTPUT_FILE_0}\"\n";
			showEnvVarsInLog = 0;
		};
		B5B59181B18A49978BFDDC40 /* [CP] Embed Pods Frameworks */ = {
			isa = PBXShellScriptBuildPhase;
			buildActionMask = 2147483647;
			files = (
			);
			inputPaths = (
				"${PODS_ROOT}/Target Support Files/Pods-EFNetworkingTests/Pods-EFNetworkingTests-frameworks.sh",
				"${BUILT_PRODUCTS_DIR}/AFNetworking/AFNetworking.framework",
				"${BUILT_PRODUCTS_DIR}/YYCache/YYCache.framework",
			);
			name = "[CP] Embed Pods Frameworks";
			outputPaths = (
				"${TARGET_BUILD_DIR}/${FRAMEWORKS_FOLDER_PATH}/AFNetworking.framework",
				"${TARGET_BUILD_DIR}/${FRAMEWORKS_FOLDER_PATH}/YYCache.framework",
			);
			runOnlyForDeploymentPostprocessing = 0;
			shellPath = /bin/sh;
			shellScript = "\"${PODS_ROOT}/Target Support Files/Pods-EFNetworkingTests/Pods-EFNetworkingTests-frameworks.sh\"\n";
			showEnvVarsInLog = 0;
		};
/* End PBXShellScriptBuildPhase section */

/* Begin PBXSourcesBuildPhase section */
		AF320202206CD78F00C089FF /* Sources */ = {
			isa = PBXSourcesBuildPhase;
			buildActionMask = 2147483647;
			files = (
				AF320215206D02CA00C089FF /* EFNetworkingPUTTests.m in Sources */,
				AF320217206D02DF00C089FF /* EFNetworkingDELETETests.m in Sources */,
				AF89524D2268A334009ECADB /* DemoResponseModelReformer.m in Sources */,
				AF32021B206D030900C089FF /* EFNetworkingDownloadTests.m in Sources */,
				AF320209206CD78F00C089FF /* EFNetworkingConfigTests.m in Sources */,
				AFF2894A2073237D00B5EBBB /* EFNResponse.m in Sources */,
				AF922A40207C506D006DB7CB /* NSArray+EFNetworking.m in Sources */,
				AF922A3B207C4AAD006DB7CB /* NSString+EFNetworking.m in Sources */,
				AF320219206D02F100C089FF /* EFNetworkingUploadTests.m in Sources */,
				AFF2894B2073238200B5EBBB /* EFNetHelper.m in Sources */,
				AF320213206D02B800C089FF /* EFNetworkingPOSTTests.m in Sources */,
				AF89524E2268A336009ECADB /* DemoResponseModel.m in Sources */,
				AFC674102074BD19000C4D1A /* NSDictionary+EFNetworking.m in Sources */,
				AF922A37207B51ED006DB7CB /* EFNCacheHelper.m in Sources */,
				AFF2894C2073238600B5EBBB /* EFNetProxy.m in Sources */,
				AF9231FC207F2E9E006DB7CB /* DemoSignService.m in Sources */,
				AF8952502268A33A009ECADB /* DemoRequestModel.m in Sources */,
				AF89524F2268A338009ECADB /* DemoRequestModelReformer.m in Sources */,
				AF320211206D029F00C089FF /* EFNetworkingGETTests.m in Sources */,
				AFF289492073237800B5EBBB /* EFNRequest.m in Sources */,
			);
			runOnlyForDeploymentPostprocessing = 0;
		};
		AFEA083420611BE300A39220 /* Sources */ = {
			isa = PBXSourcesBuildPhase;
			buildActionMask = 2147483647;
			files = (
				AF922A36207B51ED006DB7CB /* EFNCacheHelper.m in Sources */,
				AF9231FB207F2E9E006DB7CB /* DemoSignService.m in Sources */,
				AF89524722689D8D009ECADB /* DemoResponseModel.m in Sources */,
				AFE285D6206BB97E001EF7A4 /* EFNRequest.m in Sources */,
				AFEA0858206503ED00A39220 /* EFNetProxy.m in Sources */,
				AFEA084020611BE300A39220 /* DemoViewController.m in Sources */,
				AFEA084B20611BE300A39220 /* main.m in Sources */,
				AFC6740F2074BD19000C4D1A /* NSDictionary+EFNetworking.m in Sources */,
				AFE285D2206B9555001EF7A4 /* EFNResponse.m in Sources */,
				AFEA08542064F20F00A39220 /* EFNetHelper.m in Sources */,
				AF922A3A207C4AAD006DB7CB /* NSString+EFNetworking.m in Sources */,
				AF895240226899F5009ECADB /* DemoRequestModelReformer.m in Sources */,
				AF89524A22689E7F009ECADB /* DemoRequestModel.m in Sources */,
				AF89524422689AF4009ECADB /* DemoResponseModelReformer.m in Sources */,
				AFEA083D20611BE300A39220 /* AppDelegate.m in Sources */,
				AF922A3F207C506D006DB7CB /* NSArray+EFNetworking.m in Sources */,
			);
			runOnlyForDeploymentPostprocessing = 0;
		};
/* End PBXSourcesBuildPhase section */

/* Begin PBXTargetDependency section */
		AF32020C206CD78F00C089FF /* PBXTargetDependency */ = {
			isa = PBXTargetDependency;
			target = AFEA083720611BE300A39220 /* EFNetworking */;
			targetProxy = AF32020B206CD78F00C089FF /* PBXContainerItemProxy */;
		};
/* End PBXTargetDependency section */

/* Begin PBXVariantGroup section */
		AFEA084120611BE300A39220 /* Main.storyboard */ = {
			isa = PBXVariantGroup;
			children = (
				AFEA084220611BE300A39220 /* Base */,
			);
			name = Main.storyboard;
			sourceTree = "<group>";
		};
		AFEA084620611BE300A39220 /* LaunchScreen.storyboard */ = {
			isa = PBXVariantGroup;
			children = (
				AFEA084720611BE300A39220 /* Base */,
			);
			name = LaunchScreen.storyboard;
			sourceTree = "<group>";
		};
/* End PBXVariantGroup section */

/* Begin XCBuildConfiguration section */
		AF32020E206CD78F00C089FF /* Debug */ = {
			isa = XCBuildConfiguration;
			baseConfigurationReference = EACA4C2A4A0331FBC4E155DB /* Pods-EFNetworkingTests.debug.xcconfig */;
			buildSettings = {
				BUNDLE_LOADER = "$(TEST_HOST)";
				CODE_SIGN_STYLE = Automatic;
				DEVELOPMENT_TEAM = 73V9GCD9VE;
				INFOPLIST_FILE = EFNetworkingTests/Info.plist;
				LD_RUNPATH_SEARCH_PATHS = "$(inherited) @executable_path/Frameworks @loader_path/Frameworks";
				PRODUCT_BUNDLE_IDENTIFIER = vip.dandre.EFNetworking.EFNetworkingTests;
				PRODUCT_NAME = "$(TARGET_NAME)";
				TARGETED_DEVICE_FAMILY = "1,2";
				TEST_HOST = "$(BUILT_PRODUCTS_DIR)/EFNetworking.app/EFNetworking";
			};
			name = Debug;
		};
		AF32020F206CD78F00C089FF /* Release */ = {
			isa = XCBuildConfiguration;
			baseConfigurationReference = 7595CD4D43A240E59D77ADCA /* Pods-EFNetworkingTests.release.xcconfig */;
			buildSettings = {
				BUNDLE_LOADER = "$(TEST_HOST)";
				CODE_SIGN_STYLE = Automatic;
				DEVELOPMENT_TEAM = 73V9GCD9VE;
				INFOPLIST_FILE = EFNetworkingTests/Info.plist;
				LD_RUNPATH_SEARCH_PATHS = "$(inherited) @executable_path/Frameworks @loader_path/Frameworks";
				PRODUCT_BUNDLE_IDENTIFIER = vip.dandre.EFNetworking.EFNetworkingTests;
				PRODUCT_NAME = "$(TARGET_NAME)";
				TARGETED_DEVICE_FAMILY = "1,2";
				TEST_HOST = "$(BUILT_PRODUCTS_DIR)/EFNetworking.app/EFNetworking";
			};
			name = Release;
		};
		AFEA084C20611BE300A39220 /* Debug */ = {
			isa = XCBuildConfiguration;
			buildSettings = {
				ALWAYS_SEARCH_USER_PATHS = NO;
				CLANG_ANALYZER_NONNULL = YES;
				CLANG_ANALYZER_NUMBER_OBJECT_CONVERSION = YES_AGGRESSIVE;
				CLANG_CXX_LANGUAGE_STANDARD = "gnu++14";
				CLANG_CXX_LIBRARY = "libc++";
				CLANG_ENABLE_MODULES = YES;
				CLANG_ENABLE_OBJC_ARC = YES;
				CLANG_WARN_BLOCK_CAPTURE_AUTORELEASING = YES;
				CLANG_WARN_BOOL_CONVERSION = YES;
				CLANG_WARN_COMMA = YES;
				CLANG_WARN_CONSTANT_CONVERSION = YES;
				CLANG_WARN_DEPRECATED_OBJC_IMPLEMENTATIONS = YES;
				CLANG_WARN_DIRECT_OBJC_ISA_USAGE = YES_ERROR;
				CLANG_WARN_DOCUMENTATION_COMMENTS = YES;
				CLANG_WARN_EMPTY_BODY = YES;
				CLANG_WARN_ENUM_CONVERSION = YES;
				CLANG_WARN_INFINITE_RECURSION = YES;
				CLANG_WARN_INT_CONVERSION = YES;
				CLANG_WARN_NON_LITERAL_NULL_CONVERSION = YES;
				CLANG_WARN_OBJC_IMPLICIT_RETAIN_SELF = YES;
				CLANG_WARN_OBJC_LITERAL_CONVERSION = YES;
				CLANG_WARN_OBJC_ROOT_CLASS = YES_ERROR;
				CLANG_WARN_RANGE_LOOP_ANALYSIS = YES;
				CLANG_WARN_STRICT_PROTOTYPES = YES;
				CLANG_WARN_SUSPICIOUS_MOVE = YES;
				CLANG_WARN_UNGUARDED_AVAILABILITY = YES_AGGRESSIVE;
				CLANG_WARN_UNREACHABLE_CODE = YES;
				CLANG_WARN__DUPLICATE_METHOD_MATCH = YES;
				CODE_SIGN_IDENTITY = "iPhone Developer";
				COPY_PHASE_STRIP = NO;
				DEBUG_INFORMATION_FORMAT = dwarf;
				ENABLE_STRICT_OBJC_MSGSEND = YES;
				ENABLE_TESTABILITY = YES;
				GCC_C_LANGUAGE_STANDARD = gnu11;
				GCC_DYNAMIC_NO_PIC = NO;
				GCC_NO_COMMON_BLOCKS = YES;
				GCC_OPTIMIZATION_LEVEL = 0;
				GCC_PREPROCESSOR_DEFINITIONS = (
					"DEBUG=1",
					"$(inherited)",
				);
				GCC_WARN_64_TO_32_BIT_CONVERSION = YES;
				GCC_WARN_ABOUT_RETURN_TYPE = YES_ERROR;
				GCC_WARN_UNDECLARED_SELECTOR = YES;
				GCC_WARN_UNINITIALIZED_AUTOS = YES_AGGRESSIVE;
				GCC_WARN_UNUSED_FUNCTION = YES;
				GCC_WARN_UNUSED_VARIABLE = YES;
				IPHONEOS_DEPLOYMENT_TARGET = 11.2;
				MTL_ENABLE_DEBUG_INFO = YES;
				ONLY_ACTIVE_ARCH = YES;
				SDKROOT = iphoneos;
			};
			name = Debug;
		};
		AFEA084D20611BE300A39220 /* Release */ = {
			isa = XCBuildConfiguration;
			buildSettings = {
				ALWAYS_SEARCH_USER_PATHS = NO;
				CLANG_ANALYZER_NONNULL = YES;
				CLANG_ANALYZER_NUMBER_OBJECT_CONVERSION = YES_AGGRESSIVE;
				CLANG_CXX_LANGUAGE_STANDARD = "gnu++14";
				CLANG_CXX_LIBRARY = "libc++";
				CLANG_ENABLE_MODULES = YES;
				CLANG_ENABLE_OBJC_ARC = YES;
				CLANG_WARN_BLOCK_CAPTURE_AUTORELEASING = YES;
				CLANG_WARN_BOOL_CONVERSION = YES;
				CLANG_WARN_COMMA = YES;
				CLANG_WARN_CONSTANT_CONVERSION = YES;
				CLANG_WARN_DEPRECATED_OBJC_IMPLEMENTATIONS = YES;
				CLANG_WARN_DIRECT_OBJC_ISA_USAGE = YES_ERROR;
				CLANG_WARN_DOCUMENTATION_COMMENTS = YES;
				CLANG_WARN_EMPTY_BODY = YES;
				CLANG_WARN_ENUM_CONVERSION = YES;
				CLANG_WARN_INFINITE_RECURSION = YES;
				CLANG_WARN_INT_CONVERSION = YES;
				CLANG_WARN_NON_LITERAL_NULL_CONVERSION = YES;
				CLANG_WARN_OBJC_IMPLICIT_RETAIN_SELF = YES;
				CLANG_WARN_OBJC_LITERAL_CONVERSION = YES;
				CLANG_WARN_OBJC_ROOT_CLASS = YES_ERROR;
				CLANG_WARN_RANGE_LOOP_ANALYSIS = YES;
				CLANG_WARN_STRICT_PROTOTYPES = YES;
				CLANG_WARN_SUSPICIOUS_MOVE = YES;
				CLANG_WARN_UNGUARDED_AVAILABILITY = YES_AGGRESSIVE;
				CLANG_WARN_UNREACHABLE_CODE = YES;
				CLANG_WARN__DUPLICATE_METHOD_MATCH = YES;
				CODE_SIGN_IDENTITY = "iPhone Developer";
				COPY_PHASE_STRIP = NO;
				DEBUG_INFORMATION_FORMAT = "dwarf-with-dsym";
				ENABLE_NS_ASSERTIONS = NO;
				ENABLE_STRICT_OBJC_MSGSEND = YES;
				GCC_C_LANGUAGE_STANDARD = gnu11;
				GCC_NO_COMMON_BLOCKS = YES;
				GCC_WARN_64_TO_32_BIT_CONVERSION = YES;
				GCC_WARN_ABOUT_RETURN_TYPE = YES_ERROR;
				GCC_WARN_UNDECLARED_SELECTOR = YES;
				GCC_WARN_UNINITIALIZED_AUTOS = YES_AGGRESSIVE;
				GCC_WARN_UNUSED_FUNCTION = YES;
				GCC_WARN_UNUSED_VARIABLE = YES;
				IPHONEOS_DEPLOYMENT_TARGET = 11.2;
				MTL_ENABLE_DEBUG_INFO = NO;
				SDKROOT = iphoneos;
				VALIDATE_PRODUCT = YES;
			};
			name = Release;
		};
		AFEA084F20611BE300A39220 /* Debug */ = {
			isa = XCBuildConfiguration;
			baseConfigurationReference = 2CF079496D1EC80D7F4C8CD6 /* Pods-EFNetworking.debug.xcconfig */;
			buildSettings = {
				ASSETCATALOG_COMPILER_APPICON_NAME = AppIcon;
				CODE_SIGN_STYLE = Automatic;
				DEVELOPMENT_TEAM = 2NKVCUUZC3;
				INFOPLIST_FILE = "$(SRCROOT)/EFNetworking/Demo/Info.plist";
				LD_RUNPATH_SEARCH_PATHS = "$(inherited) @executable_path/Frameworks";
				PRODUCT_BUNDLE_IDENTIFIER = vip.dandre.EFNetworking;
				PRODUCT_NAME = "$(TARGET_NAME)";
				TARGETED_DEVICE_FAMILY = "1,2";
			};
			name = Debug;
		};
		AFEA085020611BE300A39220 /* Release */ = {
			isa = XCBuildConfiguration;
			baseConfigurationReference = 3AEC19DEA32E608F6E52EDE4 /* Pods-EFNetworking.release.xcconfig */;
			buildSettings = {
				ASSETCATALOG_COMPILER_APPICON_NAME = AppIcon;
				CODE_SIGN_STYLE = Automatic;
				DEVELOPMENT_TEAM = 2NKVCUUZC3;
				INFOPLIST_FILE = "$(SRCROOT)/EFNetworking/Demo/Info.plist";
				LD_RUNPATH_SEARCH_PATHS = "$(inherited) @executable_path/Frameworks";
				PRODUCT_BUNDLE_IDENTIFIER = vip.dandre.EFNetworking;
				PRODUCT_NAME = "$(TARGET_NAME)";
				TARGETED_DEVICE_FAMILY = "1,2";
			};
			name = Release;
		};
/* End XCBuildConfiguration section */

/* Begin XCConfigurationList section */
		AF32020D206CD78F00C089FF /* Build configuration list for PBXNativeTarget "EFNetworkingTests" */ = {
			isa = XCConfigurationList;
			buildConfigurations = (
				AF32020E206CD78F00C089FF /* Debug */,
				AF32020F206CD78F00C089FF /* Release */,
			);
			defaultConfigurationIsVisible = 0;
			defaultConfigurationName = Release;
		};
		AFEA083320611BE300A39220 /* Build configuration list for PBXProject "EFNetworking" */ = {
			isa = XCConfigurationList;
			buildConfigurations = (
				AFEA084C20611BE300A39220 /* Debug */,
				AFEA084D20611BE300A39220 /* Release */,
			);
			defaultConfigurationIsVisible = 0;
			defaultConfigurationName = Release;
		};
		AFEA084E20611BE300A39220 /* Build configuration list for PBXNativeTarget "EFNetworking" */ = {
			isa = XCConfigurationList;
			buildConfigurations = (
				AFEA084F20611BE300A39220 /* Debug */,
				AFEA085020611BE300A39220 /* Release */,
			);
			defaultConfigurationIsVisible = 0;
			defaultConfigurationName = Release;
		};
/* End XCConfigurationList section */
	};
	rootObject = AFEA083020611BE300A39220 /* Project object */;
}
